
Microsoft Visual Studio Solution File, Format Version 12.00
# Visual Studio Express 2012 for Windows Phone
Project("{FAE04EC0-301F-11D3-BF4B-00C04F79EFBC}") = "Be-Atzmi-App", "PanoramaApp3\Be-Atzmi-App.csproj", "{BF8029E8-B884-40EB-B39C-304C0F10473A}"
EndProject
Project("{8BC9CEB8-8B4A-11D0-8D11-00A0C91BC942}") = "Sqlite", "sqlite-net-wp8-master\Sqlite.vcxproj", "{59B35F6C-E062-4F0E-88D8-13F3F82A24F3}"
EndProject
Project("{FAE04EC0-301F-11D3-BF4B-00C04F79EFBC}") = "TileUpdater", "TileUpdater\TileUpdater.csproj", "{375E47DE-B12F-40AE-9FD8-B66481EE0A32}"
EndProject
Global
	GlobalSection(TeamFoundationVersionControl) = preSolution
		SccNumberOfProjects = 4
		SccEnterpriseProvider = {4CA58AB2-18FA-4F8D-95D4-32DDF27D184C}
		SccTeamFoundationServer = https://thecohenoam.visualstudio.com/defaultcollection
		SccLocalPath0 = .
		SccProjectUniqueName1 = PanoramaApp3\\Be-Atzmi-App.csproj
		SccProjectName1 = PanoramaApp3
		SccLocalPath1 = PanoramaApp3
		SccProjectUniqueName2 = sqlite-net-wp8-master\\Sqlite.vcxproj
		SccProjectName2 = sqlite-net-wp8-master
		SccLocalPath2 = sqlite-net-wp8-master
		SccProjectUniqueName3 = TileUpdater\\TileUpdater.csproj
		SccProjectName3 = TileUpdater
		SccLocalPath3 = TileUpdater
	EndGlobalSection
	GlobalSection(SolutionConfigurationPlatforms) = preSolution
		Debug|Any CPU = Debug|Any CPU
		Debug|ARM = Debug|ARM
		Debug|Mixed Platforms = Debug|Mixed Platforms
		Debug|Win32 = Debug|Win32
		Debug|x86 = Debug|x86
		Release|Any CPU = Release|Any CPU
		Release|ARM = Release|ARM
		Release|Mixed Platforms = Release|Mixed Platforms
		Release|Win32 = Release|Win32
		Release|x86 = Release|x86
	EndGlobalSection
	GlobalSection(ProjectConfigurationPlatforms) = postSolution
		{BF8029E8-B884-40EB-B39C-304C0F10473A}.Debug|Any CPU.ActiveCfg = Debug|x86
		{BF8029E8-B884-40EB-B39C-304C0F10473A}.Debug|Any CPU.Build.0 = Debug|x86
		{BF8029E8-B884-40EB-B39C-304C0F10473A}.Debug|Any CPU.Deploy.0 = Debug|x86
		{BF8029E8-B884-40EB-B39C-304C0F10473A}.Debug|ARM.ActiveCfg = Debug|ARM
		{BF8029E8-B884-40EB-B39C-304C0F10473A}.Debug|ARM.Build.0 = Debug|ARM
		{BF8029E8-B884-40EB-B39C-304C0F10473A}.Debug|ARM.Deploy.0 = Debug|ARM
		{BF8029E8-B884-40EB-B39C-304C0F10473A}.Debug|Mixed Platforms.ActiveCfg = Debug|x86
		{BF8029E8-B884-40EB-B39C-304C0F10473A}.Debug|Mixed Platforms.Build.0 = Debug|x86
		{BF8029E8-B884-40EB-B39C-304C0F10473A}.Debug|Mixed Platforms.Deploy.0 = Debug|x86
		{BF8029E8-B884-40EB-B39C-304C0F10473A}.Debug|Win32.ActiveCfg = Debug|x86
		{BF8029E8-B884-40EB-B39C-304C0F10473A}.Debug|Win32.Build.0 = Debug|x86
		{BF8029E8-B884-40EB-B39C-304C0F10473A}.Debug|Win32.Deploy.0 = Debug|x86
		{BF8029E8-B884-40EB-B39C-304C0F10473A}.Debug|x86.ActiveCfg = Debug|x86
		{BF8029E8-B884-40EB-B39C-304C0F10473A}.Debug|x86.Build.0 = Debug|x86
		{BF8029E8-B884-40EB-B39C-304C0F10473A}.Debug|x86.Deploy.0 = Debug|x86
		{BF8029E8-B884-40EB-B39C-304C0F10473A}.Release|Any CPU.ActiveCfg = Release|Any CPU
		{BF8029E8-B884-40EB-B39C-304C0F10473A}.Release|Any CPU.Build.0 = Release|Any CPU
		{BF8029E8-B884-40EB-B39C-304C0F10473A}.Release|Any CPU.Deploy.0 = Release|Any CPU
		{BF8029E8-B884-40EB-B39C-304C0F10473A}.Release|ARM.ActiveCfg = Release|ARM
		{BF8029E8-B884-40EB-B39C-304C0F10473A}.Release|ARM.Build.0 = Release|ARM
		{BF8029E8-B884-40EB-B39C-304C0F10473A}.Release|ARM.Deploy.0 = Release|ARM
		{BF8029E8-B884-40EB-B39C-304C0F10473A}.Release|Mixed Platforms.ActiveCfg = Release|x86
		{BF8029E8-B884-40EB-B39C-304C0F10473A}.Release|Mixed Platforms.Build.0 = Release|x86
		{BF8029E8-B884-40EB-B39C-304C0F10473A}.Release|Mixed Platforms.Deploy.0 = Release|x86
		{BF8029E8-B884-40EB-B39C-304C0F10473A}.Release|Win32.ActiveCfg = Release|x86
		{BF8029E8-B884-40EB-B39C-304C0F10473A}.Release|Win32.Build.0 = Release|x86
		{BF8029E8-B884-40EB-B39C-304C0F10473A}.Release|Win32.Deploy.0 = Release|x86
		{BF8029E8-B884-40EB-B39C-304C0F10473A}.Release|x86.ActiveCfg = Release|x86
		{BF8029E8-B884-40EB-B39C-304C0F10473A}.Release|x86.Build.0 = Release|x86
		{BF8029E8-B884-40EB-B39C-304C0F10473A}.Release|x86.Deploy.0 = Release|x86
		{59B35F6C-E062-4F0E-88D8-13F3F82A24F3}.Debug|Any CPU.ActiveCfg = Debug|Win32
		{59B35F6C-E062-4F0E-88D8-13F3F82A24F3}.Debug|ARM.ActiveCfg = Debug|ARM
		{59B35F6C-E062-4F0E-88D8-13F3F82A24F3}.Debug|ARM.Build.0 = Debug|ARM
		{59B35F6C-E062-4F0E-88D8-13F3F82A24F3}.Debug|Mixed Platforms.ActiveCfg = Debug|Win32
		{59B35F6C-E062-4F0E-88D8-13F3F82A24F3}.Debug|Mixed Platforms.Build.0 = Debug|Win32
		{59B35F6C-E062-4F0E-88D8-13F3F82A24F3}.Debug|Win32.ActiveCfg = Debug|Win32
		{59B35F6C-E062-4F0E-88D8-13F3F82A24F3}.Debug|Win32.Build.0 = Debug|Win32
		{59B35F6C-E062-4F0E-88D8-13F3F82A24F3}.Debug|x86.ActiveCfg = Debug|Win32
		{59B35F6C-E062-4F0E-88D8-13F3F82A24F3}.Debug|x86.Build.0 = Debug|Win32
		{59B35F6C-E062-4F0E-88D8-13F3F82A24F3}.Release|Any CPU.ActiveCfg = Release|Win32
		{59B35F6C-E062-4F0E-88D8-13F3F82A24F3}.Release|ARM.ActiveCfg = Release|ARM
		{59B35F6C-E062-4F0E-88D8-13F3F82A24F3}.Release|ARM.Build.0 = Release|ARM
		{59B35F6C-E062-4F0E-88D8-13F3F82A24F3}.Release|Mixed Platforms.ActiveCfg = Release|Win32
		{59B35F6C-E062-4F0E-88D8-13F3F82A24F3}.Release|Mixed Platforms.Build.0 = Release|Win32
		{59B35F6C-E062-4F0E-88D8-13F3F82A24F3}.Release|Win32.ActiveCfg = Release|Win32
		{59B35F6C-E062-4F0E-88D8-13F3F82A24F3}.Release|Win32.Build.0 = Release|Win32
		{59B35F6C-E062-4F0E-88D8-13F3F82A24F3}.Release|x86.ActiveCfg = Release|Win32
		{59B35F6C-E062-4F0E-88D8-13F3F82A24F3}.Release|x86.Build.0 = Release|Win32
		{375E47DE-B12F-40AE-9FD8-B66481EE0A32}.Debug|Any CPU.ActiveCfg = Debug|Any CPU
		{375E47DE-B12F-40AE-9FD8-B66481EE0A32}.Debug|Any CPU.Build.0 = Debug|Any CPU
		{375E47DE-B12F-40AE-9FD8-B66481EE0A32}.Debug|ARM.ActiveCfg = Debug|ARM
		{375E47DE-B12F-40AE-9FD8-B66481EE0A32}.Debug|ARM.Build.0 = Debug|ARM
		{375E47DE-B12F-40AE-9FD8-B66481EE0A32}.Debug|Mixed Platforms.ActiveCfg = Debug|x86
		{375E47DE-B12F-40AE-9FD8-B66481EE0A32}.Debug|Mixed Platforms.Build.0 = Debug|x86
		{375E47DE-B12F-40AE-9FD8-B66481EE0A32}.Debug|Win32.ActiveCfg = Debug|x86
		{375E47DE-B12F-40AE-9FD8-B66481EE0A32}.Debug|Win32.Build.0 = Debug|x86
		{375E47DE-B12F-40AE-9FD8-B66481EE0A32}.Debug|x86.ActiveCfg = Debug|x86
		{375E47DE-B12F-40AE-9FD8-B66481EE0A32}.Debug|x86.Build.0 = Debug|x86
		{375E47DE-B12F-40AE-9FD8-B66481EE0A32}.Release|Any CPU.ActiveCfg = Release|Any CPU
		{375E47DE-B12F-40AE-9FD8-B66481EE0A32}.Release|Any CPU.Build.0 = Release|Any CPU
		{375E47DE-B12F-40AE-9FD8-B66481EE0A32}.Release|ARM.ActiveCfg = Release|ARM
		{375E47DE-B12F-40AE-9FD8-B66481EE0A32}.Release|ARM.Build.0 = Release|ARM
		{375E47DE-B12F-40AE-9FD8-B66481EE0A32}.Release|Mixed Platforms.ActiveCfg = Release|x86
		{375E47DE-B12F-40AE-9FD8-B66481EE0A32}.Release|Mixed Platforms.Build.0 = Release|x86
		{375E47DE-B12F-40AE-9FD8-B66481EE0A32}.Release|Win32.ActiveCfg = Release|x86
		{375E47DE-B12F-40AE-9FD8-B66481EE0A32}.Release|Win32.Build.0 = Release|x86
		{375E47DE-B12F-40AE-9FD8-B66481EE0A32}.Release|x86.ActiveCfg = Release|x86
		{375E47DE-B12F-40AE-9FD8-B66481EE0A32}.Release|x86.Build.0 = Release|x86
	EndGlobalSection
	GlobalSection(SolutionProperties) = preSolution
		HideSolutionNode = FALSE
	EndGlobalSection
EndGlobal
